# THIS IS AN AUTOGENERATED FILE. DO NOT EDIT THIS FILE DIRECTLY.
# yarn lockfile v1


"@alloc/quick-lru@^5.2.0":
  version "5.2.0"
  resolved "https://registry.yarnpkg.com/@alloc/quick-lru/-/quick-lru-5.2.0.tgz#7bf68b20c0a350f936915fcae06f58e32007ce30"
  integrity sha512-UrcABB+4bUrFABwbluTIBErXwvbsU/V7TZWfmbgJfbkwiBuziS9gxdODUyuiecfdGQ85jglMW6juS3+z5TsKLw==

"@ampproject/remapping@^2.3.0":
  version "2.3.0"
  resolved "https://registry.yarnpkg.com/@ampproject/remapping/-/remapping-2.3.0.tgz#ed441b6fa600072520ce18b43d2c8cc8caecc7f4"
  integrity sha512-30iZtAPgz+LTIYoeivqYo853f02jBYSd5uGnGpkFV0M3xOt9aN73erkgYAmZU43x4VfqcnLxW9Kpg3R5LC4YYw==
  dependencies:
    "@jridgewell/gen-mapping" "^0.3.5"
    "@jridgewell/trace-mapping" "^0.3.24"

"@emnapi/core@^1.4.3":
  version "1.4.5"
  resolved "https://registry.yarnpkg.com/@emnapi/core/-/core-1.4.5.tgz#bfbb0cbbbb9f96ec4e2c4fd917b7bbe5495ceccb"
  integrity sha512-XsLw1dEOpkSX/WucdqUhPWP7hDxSvZiY+fsUC14h+FtQ2Ifni4znbBt8punRX+Uj2JG/uDb8nEHVKvrVlvdZ5Q==
  dependencies:
    "@emnapi/wasi-threads" "1.0.4"
    tslib "^2.4.0"

"@emnapi/runtime@^1.4.3":
  version "1.4.5"
  resolved "https://registry.yarnpkg.com/@emnapi/runtime/-/runtime-1.4.5.tgz#c67710d0661070f38418b6474584f159de38aba9"
  integrity sha512-++LApOtY0pEEz1zrd9vy1/zXVaVJJ/EbAF3u0fXIzPJEDtnITsBGbbK0EkM72amhl/R5b+5xx0Y/QhcVOpuulg==
  dependencies:
    tslib "^2.4.0"

"@emnapi/wasi-threads@1.0.4", "@emnapi/wasi-threads@^1.0.2":
  version "1.0.4"
  resolved "https://registry.yarnpkg.com/@emnapi/wasi-threads/-/wasi-threads-1.0.4.tgz#703fc094d969e273b1b71c292523b2f792862bf4"
  integrity sha512-PJR+bOmMOPH8AtcTGAyYNiuJ3/Fcoj2XN/gBEWzDIKh254XO+mM9XoXHk5GNEhodxeMznbg7BlRojVbKN+gC6g==
  dependencies:
    tslib "^2.4.0"

"@isaacs/fs-minipass@^4.0.0":
  version "4.0.1"
  resolved "https://registry.yarnpkg.com/@isaacs/fs-minipass/-/fs-minipass-4.0.1.tgz#2d59ae3ab4b38fb4270bfa23d30f8e2e86c7fe32"
  integrity sha512-wgm9Ehl2jpeqP3zw/7mo3kRHFp5MEDhqAdwy1fTGkHAwnkGOVsgpvQhL8B5n1qlb01jV3n/bI0ZfZp5lWA1k4w==
  dependencies:
    minipass "^7.0.4"

"@jridgewell/gen-mapping@^0.3.5":
  version "0.3.12"
  resolved "https://registry.yarnpkg.com/@jridgewell/gen-mapping/-/gen-mapping-0.3.12.tgz#2234ce26c62889f03db3d7fea43c1932ab3e927b"
  integrity sha512-OuLGC46TjB5BbN1dH8JULVVZY4WTdkF7tV9Ys6wLL1rubZnCMstOhNHueU5bLCrnRuDhKPDM4g6sw4Bel5Gzqg==
  dependencies:
    "@jridgewell/sourcemap-codec" "^1.5.0"
    "@jridgewell/trace-mapping" "^0.3.24"

"@jridgewell/resolve-uri@^3.1.0":
  version "3.1.2"
  resolved "https://registry.yarnpkg.com/@jridgewell/resolve-uri/-/resolve-uri-3.1.2.tgz#7a0ee601f60f99a20c7c7c5ff0c80388c1189bd6"
  integrity sha512-bRISgCIjP20/tbWSPWMEi54QVPRZExkuD9lJL+UIxUKtwVJA8wW1Trb1jMs1RFXo1CBTNZ/5hpC9QvmKWdopKw==

"@jridgewell/sourcemap-codec@^1.4.14", "@jridgewell/sourcemap-codec@^1.4.15", "@jridgewell/sourcemap-codec@^1.5.0":
  version "1.5.4"
  resolved "https://registry.yarnpkg.com/@jridgewell/sourcemap-codec/-/sourcemap-codec-1.5.4.tgz#7358043433b2e5da569aa02cbc4c121da3af27d7"
  integrity sha512-VT2+G1VQs/9oz078bLrYbecdZKs912zQlkelYpuf+SXF+QvZDYJlbx/LSx+meSAwdDFnF8FVXW92AVjjkVmgFw==

"@jridgewell/trace-mapping@^0.3.24", "@jridgewell/trace-mapping@^0.3.25":
  version "0.3.29"
  resolved "https://registry.yarnpkg.com/@jridgewell/trace-mapping/-/trace-mapping-0.3.29.tgz#a58d31eaadaf92c6695680b2e1d464a9b8fbf7fc"
  integrity sha512-uw6guiW/gcAGPDhLmd77/6lW8QLeiV5RUTsAX46Db6oLhGaVj4lhnPwb184s1bkc8kdVg/+h988dro8GRDpmYQ==
  dependencies:
    "@jridgewell/resolve-uri" "^3.1.0"
    "@jridgewell/sourcemap-codec" "^1.4.14"

"@module-federation/error-codes@0.16.0":
  version "0.16.0"
  resolved "https://registry.yarnpkg.com/@module-federation/error-codes/-/error-codes-0.16.0.tgz#e375b2d10405cf24bae9a798337e4805cbcd69ee"
  integrity sha512-TfmA45b8vvISniGudMg8jjIy1q3tLPon0QN/JdFp5f8AJ8/peICN5b+dkEQnWsAVg2fEusYhk9dO7z3nUeJM8A==

"@module-federation/runtime-core@0.16.0":
  version "0.16.0"
  resolved "https://registry.yarnpkg.com/@module-federation/runtime-core/-/runtime-core-0.16.0.tgz#4a628dfcd39d6594bea7430ef9def07adc4fa3a9"
  integrity sha512-5SECQowG4hlUVBRk/y6bnYLfxbsl5NcMmqn043WPe7NDOhGQWbTuYibJ3Bk+ZBv5U4uYLEmXipBGDc1FKsHklQ==
  dependencies:
    "@module-federation/error-codes" "0.16.0"
    "@module-federation/sdk" "0.16.0"

"@module-federation/runtime-tools@0.16.0":
  version "0.16.0"
  resolved "https://registry.yarnpkg.com/@module-federation/runtime-tools/-/runtime-tools-0.16.0.tgz#7d59097364107a908192e2dedf0b53b38f90693c"
  integrity sha512-OzmXNluXBQ2E6znzX4m9CJt1MFHVGmbN8c8MSKcYIDcLzLSKBQAiaz9ZUMhkyWx2YrPgD134glyPEqJrc+fY8A==
  dependencies:
    "@module-federation/runtime" "0.16.0"
    "@module-federation/webpack-bundler-runtime" "0.16.0"

"@module-federation/runtime@0.16.0":
  version "0.16.0"
  resolved "https://registry.yarnpkg.com/@module-federation/runtime/-/runtime-0.16.0.tgz#03acce818203fe253da1becfd4355f82d5ce5b97"
  integrity sha512-6o84WI8Qhc9O3HwPLx89kTvOSkyUOHQr73R/zr0I04sYhlMJgw5xTwXeGE7bQAmNgbJclzW9Kh7JTP7+3o3CHg==
  dependencies:
    "@module-federation/error-codes" "0.16.0"
    "@module-federation/runtime-core" "0.16.0"
    "@module-federation/sdk" "0.16.0"

"@module-federation/sdk@0.16.0":
  version "0.16.0"
  resolved "https://registry.yarnpkg.com/@module-federation/sdk/-/sdk-0.16.0.tgz#74a7b5c4263954a09de7fb36b1cbdad64255cd2b"
  integrity sha512-UXJW1WWuDoDmScX0tpISjl4xIRPzAiN62vg9etuBdAEUM+ja9rz/zwNZaByiUPFS2aqlj2RHenCRvIapE8mYEg==

"@module-federation/webpack-bundler-runtime@0.16.0":
  version "0.16.0"
  resolved "https://registry.yarnpkg.com/@module-federation/webpack-bundler-runtime/-/webpack-bundler-runtime-0.16.0.tgz#7f040f76760c3e0f86a99ae06317828048781415"
  integrity sha512-yqIDQTelJZP0Rxml0OXv4Er8Kbdxy7NFh6PCzPwDFWI1SkiokJ3uXQJBvtlxZ3lOnCDYOzdHstqa8sJG4JP02Q==
  dependencies:
    "@module-federation/runtime" "0.16.0"
    "@module-federation/sdk" "0.16.0"

"@napi-rs/wasm-runtime@^0.2.11", "@napi-rs/wasm-runtime@^0.2.12":
  version "0.2.12"
  resolved "https://registry.yarnpkg.com/@napi-rs/wasm-runtime/-/wasm-runtime-0.2.12.tgz#3e78a8b96e6c33a6c517e1894efbd5385a7cb6f2"
  integrity sha512-ZVWUcfwY4E/yPitQJl481FjFo3K22D6qF0DuFH6Y/nbnE11GY5uguDxZMGXPQ8WQ0128MXQD7TnfHyK4oWoIJQ==
  dependencies:
    "@emnapi/core" "^1.4.3"
    "@emnapi/runtime" "^1.4.3"
    "@tybys/wasm-util" "^0.10.0"

"@rsbuild/core@^1.4.3":
  version "1.4.8"
  resolved "https://registry.yarnpkg.com/@rsbuild/core/-/core-1.4.8.tgz#dea1f2de41853b182cb2cec33287e234c79486e1"
  integrity sha512-IJhpLl8lrp5ynlf04V5l7rMrVTNuGLG36ZDadHiBIC5qLRGSS3rMF8cVLSkSA6qM1OiRlPpMgwQbqFYh325RvQ==
  dependencies:
    "@rspack/core" "1.4.8"
    "@rspack/lite-tapable" "~1.0.1"
    "@swc/helpers" "^0.5.17"
    core-js "~3.44.0"
    jiti "^2.4.2"

"@rsbuild/plugin-svelte@^1.0.10":
  version "1.0.10"
  resolved "https://registry.yarnpkg.com/@rsbuild/plugin-svelte/-/plugin-svelte-1.0.10.tgz#c954bffdb7bf7915f12fb7a4ef42458fe74e8b71"
  integrity sha512-505FK9A+AceRJZkczmeIjokxppZEzSl8i+hl0YtvvBm3+m3ZeELkJ0+rfuqxZmzRXY6POwiaNb1H3Bc8dS2fqA==
  dependencies:
    svelte-loader "3.2.4"
    svelte-preprocess "^6.0.3"

"@rspack/binding-darwin-arm64@1.4.8":
  version "1.4.8"
  resolved "https://registry.yarnpkg.com/@rspack/binding-darwin-arm64/-/binding-darwin-arm64-1.4.8.tgz#55081d16498f1763c7ee463d7368a4623fdde11d"
  integrity sha512-PQRNjC3Fc0avpx8Gk+sT5P+HAXxTSzmBA8lU7QLlmbW5GGXO2taVhNstbZ4oxyIX5uDVZpQ2yQ2E0zXirK6/UQ==

"@rspack/binding-darwin-x64@1.4.8":
  version "1.4.8"
  resolved "https://registry.yarnpkg.com/@rspack/binding-darwin-x64/-/binding-darwin-x64-1.4.8.tgz#ab858bf4b47f3bce91ac1a47db7810b0e35aba73"
  integrity sha512-ZnPZbo1dhhbfevxSS99y8w02xuEbxyiV1HaUie/S8jzy9DPmk+4Br+DddufnibPNU85e3BZKjp+HDFMYkdn6cg==

"@rspack/binding-linux-arm64-gnu@1.4.8":
  version "1.4.8"
  resolved "https://registry.yarnpkg.com/@rspack/binding-linux-arm64-gnu/-/binding-linux-arm64-gnu-1.4.8.tgz#0b7ece9de9403dfcd9bc5a79e7af2f13bc50699f"
  integrity sha512-mJK9diM4Gd8RIGO90AZnl27WwUuAOoRplPQv9G+Vxu2baCt1xE1ccf8PntIJ70/rMgsUdnmkR5qQBaGxhAMJvA==

"@rspack/binding-linux-arm64-musl@1.4.8":
  version "1.4.8"
  resolved "https://registry.yarnpkg.com/@rspack/binding-linux-arm64-musl/-/binding-linux-arm64-musl-1.4.8.tgz#76aa11933b8b10c099402e6bd2c03f5f2819c307"
  integrity sha512-+n9QxeDDZKwVB4D6cwpNRJzsCeuwNqd/fwwbMQVTctJ+GhIHlUPsE8y5tXN7euU7kDci81wMBBFlt6LtXNcssA==

"@rspack/binding-linux-x64-gnu@1.4.8":
  version "1.4.8"
  resolved "https://registry.yarnpkg.com/@rspack/binding-linux-x64-gnu/-/binding-linux-x64-gnu-1.4.8.tgz#7dec7c12c80fe52acba011813d73347d69afd159"
  integrity sha512-rEypDlbIfv9B/DcZ2vYVWs56wo5VWE5oj/TvM9JT+xuqwvVWsN/A2TPMiU6QBgOKGXat3EM/MEgx8NhNZUpkXg==

"@rspack/binding-linux-x64-musl@1.4.8":
  version "1.4.8"
  resolved "https://registry.yarnpkg.com/@rspack/binding-linux-x64-musl/-/binding-linux-x64-musl-1.4.8.tgz#998e4e97e2947d9934d1a697cfbd4a9676d7d9e8"
  integrity sha512-o9OsvJ7olH0JPU9exyIaYTNQ+aaR5CNAiinkxr+LkV2i3DMIi/+pDVveDiodYjVhzZjWfsP/z8QPO4c6Z06bEw==

"@rspack/binding-wasm32-wasi@1.4.8":
  version "1.4.8"
  resolved "https://registry.yarnpkg.com/@rspack/binding-wasm32-wasi/-/binding-wasm32-wasi-1.4.8.tgz#c2d487ead311d2845f0a109fd91311463b00ea82"
  integrity sha512-hF5gqT0aQ66VUclM2A9MSB6zVdEJqzp++TAXaShBK/eVBI0R4vWrMfJ2TOdzEsSbg4gXgeG4swURpHva3PKbcA==
  dependencies:
    "@napi-rs/wasm-runtime" "^0.2.12"

"@rspack/binding-win32-arm64-msvc@1.4.8":
  version "1.4.8"
  resolved "https://registry.yarnpkg.com/@rspack/binding-win32-arm64-msvc/-/binding-win32-arm64-msvc-1.4.8.tgz#6c9dd6a59ff1fb5ba9a0818a45951ed0c1d46031"
  integrity sha512-umD0XzesJq4nnStv9/2/VOmzNUWHfLMIjeHmiHYHpc7iVC0SkXgIdc6Ac7c+g2q7/V3/MFxL66Y60oy7lQE3fg==

"@rspack/binding-win32-ia32-msvc@1.4.8":
  version "1.4.8"
  resolved "https://registry.yarnpkg.com/@rspack/binding-win32-ia32-msvc/-/binding-win32-ia32-msvc-1.4.8.tgz#90058b4176b9c4a07adf7970810c2cdeb0040628"
  integrity sha512-Uu+F/sxz7GgIMbuCCZVOD1HPjoHQdyrFHi/TE2EmuZzs9Ji9a9mtNJNrKc8+h9YFpaLeade7cbMDjRu4MHxiVA==

"@rspack/binding-win32-x64-msvc@1.4.8":
  version "1.4.8"
  resolved "https://registry.yarnpkg.com/@rspack/binding-win32-x64-msvc/-/binding-win32-x64-msvc-1.4.8.tgz#988614173a727430122f1930f280ee79dde3e86f"
  integrity sha512-BVkOfJDZnexHNpGgc/sWENyGrsle1jUQTeUEdSyNYsu4Elsgk/T9gnGK8xyLRd2c6k20M5FN38t0TumCp4DscQ==

"@rspack/binding@1.4.8":
  version "1.4.8"
  resolved "https://registry.yarnpkg.com/@rspack/binding/-/binding-1.4.8.tgz#ae96de2c7d18817925a8f244bcf5a3e98e75a8c2"
  integrity sha512-VKE+2InUdudBUOn3xMZfK9a6KlOwmSifA0Nupjsh7N9/brcBfJtJGSDCnfrIKCq54FF+QAUCgcNAS0DB4/tZmw==
  optionalDependencies:
    "@rspack/binding-darwin-arm64" "1.4.8"
    "@rspack/binding-darwin-x64" "1.4.8"
    "@rspack/binding-linux-arm64-gnu" "1.4.8"
    "@rspack/binding-linux-arm64-musl" "1.4.8"
    "@rspack/binding-linux-x64-gnu" "1.4.8"
    "@rspack/binding-linux-x64-musl" "1.4.8"
    "@rspack/binding-wasm32-wasi" "1.4.8"
    "@rspack/binding-win32-arm64-msvc" "1.4.8"
    "@rspack/binding-win32-ia32-msvc" "1.4.8"
    "@rspack/binding-win32-x64-msvc" "1.4.8"

"@rspack/core@1.4.8":
  version "1.4.8"
  resolved "https://registry.yarnpkg.com/@rspack/core/-/core-1.4.8.tgz#79aeb56dd666915045afc692f7a6e12e62a1a33f"
  integrity sha512-ARHuZ+gx3P//RIUKSjk/riQUn/D5tCwCWbfgeM5pk/Ti2JsgVnqiP9Sksge8JovVPf7b6Zgw73Cq5FpX4aOXeQ==
  dependencies:
    "@module-federation/runtime-tools" "0.16.0"
    "@rspack/binding" "1.4.8"
    "@rspack/lite-tapable" "1.0.1"

"@rspack/lite-tapable@1.0.1", "@rspack/lite-tapable@~1.0.1":
  version "1.0.1"
  resolved "https://registry.yarnpkg.com/@rspack/lite-tapable/-/lite-tapable-1.0.1.tgz#d4540a5d28bd6177164bc0ba0bee4bdec0458591"
  integrity sha512-VynGOEsVw2s8TAlLf/uESfrgfrq2+rcXB1muPJYBWbsm1Oa6r5qVQhjA5ggM6z/coYPrsVMgovl3Ff7Q7OCp1w==

"@steeze-ui/heroicons@^2.4.0":
  version "2.4.2"
  resolved "https://registry.yarnpkg.com/@steeze-ui/heroicons/-/heroicons-2.4.2.tgz#d1f84d685b3a31b8d08c2cab5fadac9302ef9b7c"
  integrity sha512-66luL+uaxyC6mcZigewH4phfDxNWj4sH+n6qK2VnY3zcgpMmNAgVQbMGfZYfKhLqrUo13BlqpmhWuHqAUpehlA==

"@sveltejs/acorn-typescript@^1.0.5":
  version "1.0.5"
  resolved "https://registry.yarnpkg.com/@sveltejs/acorn-typescript/-/acorn-typescript-1.0.5.tgz#f518101d1b2e12ce80854f1cd850d3b9fb91d710"
  integrity sha512-IwQk4yfwLdibDlrXVE04jTZYlLnwsTT2PIOQQGNLWfjavGifnk1JD1LcZjZaBTRcxZu2FfPfNLOE04DSu9lqtQ==

"@swc/helpers@^0.5.17":
  version "0.5.17"
  resolved "https://registry.yarnpkg.com/@swc/helpers/-/helpers-0.5.17.tgz#5a7be95ac0f0bf186e7e6e890e7a6f6cda6ce971"
  integrity sha512-5IKx/Y13RsYd+sauPb2x+U/xZikHjolzfuDgTAl/Tdf3Q8rslRvC19NKDLgAJQ6wsqADk10ntlv08nPFw/gO/A==
  dependencies:
    tslib "^2.8.0"

"@tailwindcss/node@4.1.11":
  version "4.1.11"
  resolved "https://registry.yarnpkg.com/@tailwindcss/node/-/node-4.1.11.tgz#d626af65fc9872e5e9d8884791d7e3856e945359"
  integrity sha512-yzhzuGRmv5QyU9qLNg4GTlYI6STedBWRE7NjxP45CsFYYq9taI0zJXZBMqIC/c8fViNLhmrbpSFS57EoxUmD6Q==
  dependencies:
    "@ampproject/remapping" "^2.3.0"
    enhanced-resolve "^5.18.1"
    jiti "^2.4.2"
    lightningcss "1.30.1"
    magic-string "^0.30.17"
    source-map-js "^1.2.1"
    tailwindcss "4.1.11"

"@tailwindcss/oxide-android-arm64@4.1.11":
  version "4.1.11"
  resolved "https://registry.yarnpkg.com/@tailwindcss/oxide-android-arm64/-/oxide-android-arm64-4.1.11.tgz#1f387d8302f011b61c226deb0c3a1d2bd79c6915"
  integrity sha512-3IfFuATVRUMZZprEIx9OGDjG3Ou3jG4xQzNTvjDoKmU9JdmoCohQJ83MYd0GPnQIu89YoJqvMM0G3uqLRFtetg==

"@tailwindcss/oxide-darwin-arm64@4.1.11":
  version "4.1.11"
  resolved "https://registry.yarnpkg.com/@tailwindcss/oxide-darwin-arm64/-/oxide-darwin-arm64-4.1.11.tgz#acd35ffb7e4eae83d0a3fe2f8ea36cfcc9b21f7e"
  integrity sha512-ESgStEOEsyg8J5YcMb1xl8WFOXfeBmrhAwGsFxxB2CxY9evy63+AtpbDLAyRkJnxLy2WsD1qF13E97uQyP1lfQ==

"@tailwindcss/oxide-darwin-x64@4.1.11":
  version "4.1.11"
  resolved "https://registry.yarnpkg.com/@tailwindcss/oxide-darwin-x64/-/oxide-darwin-x64-4.1.11.tgz#a0022312993a3893d6ff0312d6e3c83c4636fef4"
  integrity sha512-EgnK8kRchgmgzG6jE10UQNaH9Mwi2n+yw1jWmof9Vyg2lpKNX2ioe7CJdf9M5f8V9uaQxInenZkOxnTVL3fhAw==

"@tailwindcss/oxide-freebsd-x64@4.1.11":
  version "4.1.11"
  resolved "https://registry.yarnpkg.com/@tailwindcss/oxide-freebsd-x64/-/oxide-freebsd-x64-4.1.11.tgz#dd8e55eb0b88fe7995b8148c0e0ae5fa27092d22"
  integrity sha512-xdqKtbpHs7pQhIKmqVpxStnY1skuNh4CtbcyOHeX1YBE0hArj2romsFGb6yUmzkq/6M24nkxDqU8GYrKrz+UcA==

"@tailwindcss/oxide-linux-arm-gnueabihf@4.1.11":
  version "4.1.11"
  resolved "https://registry.yarnpkg.com/@tailwindcss/oxide-linux-arm-gnueabihf/-/oxide-linux-arm-gnueabihf-4.1.11.tgz#02ee99090988847d3f13d277679012cbffcdde37"
  integrity sha512-ryHQK2eyDYYMwB5wZL46uoxz2zzDZsFBwfjssgB7pzytAeCCa6glsiJGjhTEddq/4OsIjsLNMAiMlHNYnkEEeg==

"@tailwindcss/oxide-linux-arm64-gnu@4.1.11":
  version "4.1.11"
  resolved "https://registry.yarnpkg.com/@tailwindcss/oxide-linux-arm64-gnu/-/oxide-linux-arm64-gnu-4.1.11.tgz#4837559c102bebe65089879f6a0278ed473b4813"
  integrity sha512-mYwqheq4BXF83j/w75ewkPJmPZIqqP1nhoghS9D57CLjsh3Nfq0m4ftTotRYtGnZd3eCztgbSPJ9QhfC91gDZQ==

"@tailwindcss/oxide-linux-arm64-musl@4.1.11":
  version "4.1.11"
  resolved "https://registry.yarnpkg.com/@tailwindcss/oxide-linux-arm64-musl/-/oxide-linux-arm64-musl-4.1.11.tgz#bec465112a13a1383558ff36afdf28b8a8cb9021"
  integrity sha512-m/NVRFNGlEHJrNVk3O6I9ggVuNjXHIPoD6bqay/pubtYC9QIdAMpS+cswZQPBLvVvEF6GtSNONbDkZrjWZXYNQ==

"@tailwindcss/oxide-linux-x64-gnu@4.1.11":
  version "4.1.11"
  resolved "https://registry.yarnpkg.com/@tailwindcss/oxide-linux-x64-gnu/-/oxide-linux-x64-gnu-4.1.11.tgz#f9e47e6aa67ff77f32f7412bc9698d4278e101bf"
  integrity sha512-YW6sblI7xukSD2TdbbaeQVDysIm/UPJtObHJHKxDEcW2exAtY47j52f8jZXkqE1krdnkhCMGqP3dbniu1Te2Fg==

"@tailwindcss/oxide-linux-x64-musl@4.1.11":
  version "4.1.11"
  resolved "https://registry.yarnpkg.com/@tailwindcss/oxide-linux-x64-musl/-/oxide-linux-x64-musl-4.1.11.tgz#7d6e8adcfb9bc84d8e2e2e8781d661edb9e41ba8"
  integrity sha512-e3C/RRhGunWYNC3aSF7exsQkdXzQ/M+aYuZHKnw4U7KQwTJotnWsGOIVih0s2qQzmEzOFIJ3+xt7iq67K/p56Q==

"@tailwindcss/oxide-wasm32-wasi@4.1.11":
  version "4.1.11"
  resolved "https://registry.yarnpkg.com/@tailwindcss/oxide-wasm32-wasi/-/oxide-wasm32-wasi-4.1.11.tgz#a1762f4939c6ebaa824696fda2fd7db1b85fbed2"
  integrity sha512-Xo1+/GU0JEN/C/dvcammKHzeM6NqKovG+6921MR6oadee5XPBaKOumrJCXvopJ/Qb5TH7LX/UAywbqrP4lax0g==
  dependencies:
    "@emnapi/core" "^1.4.3"
    "@emnapi/runtime" "^1.4.3"
    "@emnapi/wasi-threads" "^1.0.2"
    "@napi-rs/wasm-runtime" "^0.2.11"
    "@tybys/wasm-util" "^0.9.0"
    tslib "^2.8.0"

"@tailwindcss/oxide-win32-arm64-msvc@4.1.11":
  version "4.1.11"
  resolved "https://registry.yarnpkg.com/@tailwindcss/oxide-win32-arm64-msvc/-/oxide-win32-arm64-msvc-4.1.11.tgz#70ba392dca0fa3707ebe27d2bd6ac3e69d35e3b7"
  integrity sha512-UgKYx5PwEKrac3GPNPf6HVMNhUIGuUh4wlDFR2jYYdkX6pL/rn73zTq/4pzUm8fOjAn5L8zDeHp9iXmUGOXZ+w==

"@tailwindcss/oxide-win32-x64-msvc@4.1.11":
  version "4.1.11"
  resolved "https://registry.yarnpkg.com/@tailwindcss/oxide-win32-x64-msvc/-/oxide-win32-x64-msvc-4.1.11.tgz#cdcb9eea9225a346c0695f67f621990b0534763f"
  integrity sha512-YfHoggn1j0LK7wR82TOucWc5LDCguHnoS879idHekmmiR7g9HUtMw9MI0NHatS28u/Xlkfi9w5RJWgz2Dl+5Qg==

"@tailwindcss/oxide@4.1.11":
  version "4.1.11"
  resolved "https://registry.yarnpkg.com/@tailwindcss/oxide/-/oxide-4.1.11.tgz#569b668c99c337b7b8204bc5b6a833429755a05b"
  integrity sha512-Q69XzrtAhuyfHo+5/HMgr1lAiPP/G40OMFAnws7xcFEYqcypZmdW8eGXaOUIeOl1dzPJBPENXgbjsOyhg2nkrg==
  dependencies:
    detect-libc "^2.0.4"
    tar "^7.4.3"
  optionalDependencies:
    "@tailwindcss/oxide-android-arm64" "4.1.11"
    "@tailwindcss/oxide-darwin-arm64" "4.1.11"
    "@tailwindcss/oxide-darwin-x64" "4.1.11"
    "@tailwindcss/oxide-freebsd-x64" "4.1.11"
    "@tailwindcss/oxide-linux-arm-gnueabihf" "4.1.11"
    "@tailwindcss/oxide-linux-arm64-gnu" "4.1.11"
    "@tailwindcss/oxide-linux-arm64-musl" "4.1.11"
    "@tailwindcss/oxide-linux-x64-gnu" "4.1.11"
    "@tailwindcss/oxide-linux-x64-musl" "4.1.11"
    "@tailwindcss/oxide-wasm32-wasi" "4.1.11"
    "@tailwindcss/oxide-win32-arm64-msvc" "4.1.11"
    "@tailwindcss/oxide-win32-x64-msvc" "4.1.11"

"@tailwindcss/postcss@^4.1.11":
  version "4.1.11"
  resolved "https://registry.yarnpkg.com/@tailwindcss/postcss/-/postcss-4.1.11.tgz#4d844f7ff295c731ceab54934531bece7380ce0c"
  integrity sha512-q/EAIIpF6WpLhKEuQSEVMZNMIY8KhWoAemZ9eylNAih9jxMGAYPPWBn3I9QL/2jZ+e7OEz/tZkX5HwbBR4HohA==
  dependencies:
    "@alloc/quick-lru" "^5.2.0"
    "@tailwindcss/node" "4.1.11"
    "@tailwindcss/oxide" "4.1.11"
    postcss "^8.4.41"
    tailwindcss "4.1.11"

"@tybys/wasm-util@^0.10.0":
  version "0.10.0"
  resolved "https://registry.yarnpkg.com/@tybys/wasm-util/-/wasm-util-0.10.0.tgz#2fd3cd754b94b378734ce17058d0507c45c88369"
  integrity sha512-VyyPYFlOMNylG45GoAe0xDoLwWuowvf92F9kySqzYh8vmYm7D2u4iUJKa1tOUpS70Ku13ASrOkS4ScXFsTaCNQ==
  dependencies:
    tslib "^2.4.0"

"@tybys/wasm-util@^0.9.0":
  version "0.9.0"
  resolved "https://registry.yarnpkg.com/@tybys/wasm-util/-/wasm-util-0.9.0.tgz#3e75eb00604c8d6db470bf18c37b7d984a0e3355"
  integrity sha512-6+7nlbMVX/PVDCwaIQ8nTOPveOcFLSt8GcXdx8hD0bt39uWxYT88uXzqTd4fTvqta7oeUJqudepapKNt2DYJFw==
  dependencies:
    tslib "^2.4.0"

"@types/estree@^1.0.5", "@types/estree@^1.0.6":
  version "1.0.8"
  resolved "https://registry.yarnpkg.com/@types/estree/-/estree-1.0.8.tgz#958b91c991b1867ced318bedea0e215ee050726e"
  integrity sha512-dWHzHa2WqEXI/O1E9OjrocMTKJl2mSrEolh1Iomrv6U+JuNwaHXsXx9bLu5gG7BUWFIN0skIQJQ/L1rIex4X6w==

acorn@^8.12.1:
  version "8.15.0"
  resolved "https://registry.yarnpkg.com/acorn/-/acorn-8.15.0.tgz#a360898bc415edaac46c8241f6383975b930b816"
  integrity sha512-NZyJarBfL7nWwIq+FDL6Zp/yHEhePMNnnJ0y3qfieCrmNvYct8uvtiV41UvlSe6apAfk0fY1FbWx+NwfmpvtTg==

aria-query@^5.3.1:
  version "5.3.2"
  resolved "https://registry.yarnpkg.com/aria-query/-/aria-query-5.3.2.tgz#93f81a43480e33a338f19163a3d10a50c01dcd59"
  integrity sha512-COROpnaoap1E2F000S62r6A60uHZnmlvomhfyT2DlTcrY1OrBKn2UhH7qn5wTC9zMvD0AY7csdPSNwKP+7WiQw==

axobject-query@^4.1.0:
  version "4.1.0"
  resolved "https://registry.yarnpkg.com/axobject-query/-/axobject-query-4.1.0.tgz#28768c76d0e3cff21bc62a9e2d0b6ac30042a1ee"
  integrity sha512-qIj0G9wZbMGNLjLmg1PT6v2mE9AH2zlnADJD/2tC6E00hgmhUOfEB6greHPAfLRSufHqROIUTkw6E+M3lH0PTQ==

big.js@^5.2.2:
  version "5.2.2"
  resolved "https://registry.yarnpkg.com/big.js/-/big.js-5.2.2.tgz#65f0af382f578bcdc742bd9c281e9cb2d7768328"
  integrity sha512-vyL2OymJxmarO8gxMr0mhChsO9QGwhynfuu4+MHTAW6czfq9humCB7rKpUjDd9YUiDPU4mzpyupFSvOClAwbmQ==

chokidar@^4.0.1:
  version "4.0.3"
  resolved "https://registry.yarnpkg.com/chokidar/-/chokidar-4.0.3.tgz#7be37a4c03c9aee1ecfe862a4a23b2c70c205d30"
  integrity sha512-Qgzu8kfBvo+cA4962jnP1KkS6Dop5NS6g7R5LFYJr4b8Ub94PPQXUksCw9PvXoeXPRRddRNC5C1JQUR2SMGtnA==
  dependencies:
    readdirp "^4.0.1"

chownr@^3.0.0:
  version "3.0.0"
  resolved "https://registry.yarnpkg.com/chownr/-/chownr-3.0.0.tgz#9855e64ecd240a9cc4267ce8a4aa5d24a1da15e4"
  integrity sha512-+IxzY9BZOQd/XuYPRmrvEVjF/nqj5kgT4kEq7VofrDoM1MxoRjEWkrCC3EtLi59TVawxTAn+orJwFQcrqEN1+g==

clsx@^2.1.1:
  version "2.1.1"
  resolved "https://registry.yarnpkg.com/clsx/-/clsx-2.1.1.tgz#eed397c9fd8bd882bfb18deab7102049a2f32999"
  integrity sha512-eYm0QWBtUrBWZWG0d386OGAw16Z995PiOVo2B7bjWSbHedGl5e0ZWaq65kOGgUSNesEIDkB9ISbTg/JK9dhCZA==

core-js@~3.44.0:
  version "3.44.0"
  resolved "https://registry.yarnpkg.com/core-js/-/core-js-3.44.0.tgz#db4fd4fa07933c1d6898c8b112a1119a9336e959"
  integrity sha512-aFCtd4l6GvAXwVEh3XbbVqJGHDJt0OZRa+5ePGx3LLwi12WfexqQxcsohb2wgsa/92xtl19Hd66G/L+TaAxDMw==

dedent-js@^1.0.1:
  version "1.0.1"
  resolved "https://registry.yarnpkg.com/dedent-js/-/dedent-js-1.0.1.tgz#bee5fb7c9e727d85dffa24590d10ec1ab1255305"
  integrity sha512-OUepMozQULMLUmhxS95Vudo0jb0UchLimi3+pQ2plj61Fcy8axbP9hbiD4Sz6DPqn6XG3kfmziVfQ1rSys5AJQ==

detect-libc@^2.0.3, detect-libc@^2.0.4:
  version "2.0.4"
  resolved "https://registry.yarnpkg.com/detect-libc/-/detect-libc-2.0.4.tgz#f04715b8ba815e53b4d8109655b6508a6865a7e8"
  integrity sha512-3UDv+G9CsCKO1WKMGw9fwq/SWJYbI0c5Y7LU1AXYoDdbhE2AHQ6N6Nb34sG8Fj7T5APy8qXDCKuuIHd1BR0tVA==

emojis-list@^3.0.0:
  version "3.0.0"
  resolved "https://registry.yarnpkg.com/emojis-list/-/emojis-list-3.0.0.tgz#5570662046ad29e2e916e71aae260abdff4f6a78"
  integrity sha512-/kyM18EfinwXZbno9FyUGeFh87KC8HRQBQGildHZbEuRyWFOmv1U10o9BBp8XVZDVNNuQKyIGIu5ZYAAXJ0V2Q==

enhanced-resolve@^5.18.1:
  version "5.18.2"
  resolved "https://registry.yarnpkg.com/enhanced-resolve/-/enhanced-resolve-5.18.2.tgz#7903c5b32ffd4b2143eeb4b92472bd68effd5464"
  integrity sha512-6Jw4sE1maoRJo3q8MsSIn2onJFbLTOjY9hlx4DZXmOKvLRd1Ok2kXmAGXaafL2+ijsJZ1ClYbl/pmqr9+k4iUQ==
  dependencies:
    graceful-fs "^4.2.4"
    tapable "^2.2.0"

esm-env@^1.2.1:
  version "1.2.2"
  resolved "https://registry.yarnpkg.com/esm-env/-/esm-env-1.2.2.tgz#263c9455c55861f41618df31b20cb571fc20b75e"
  integrity sha512-Epxrv+Nr/CaL4ZcFGPJIYLWFom+YeV1DqMLHJoEd9SYRxNbaFruBwfEX/kkHUJf55j2+TUbmDcmuilbP1TmXHA==

esrap@^2.1.0:
  version "2.1.0"
  resolved "https://registry.yarnpkg.com/esrap/-/esrap-2.1.0.tgz#70df8f20129df3ad82f20e306dc4000dd5947813"
  integrity sha512-yzmPNpl7TBbMRC5Lj2JlJZNPml0tzqoqP5B1JXycNUwtqma9AKCO0M2wHrdgsHcy1WRW7S9rJknAMtByg3usgA==
  dependencies:
    "@jridgewell/sourcemap-codec" "^1.4.15"

fdir@^6.2.0:
  version "6.4.6"
  resolved "https://registry.yarnpkg.com/fdir/-/fdir-6.4.6.tgz#2b268c0232697063111bbf3f64810a2a741ba281"
  integrity sha512-hiFoqpyZcfNm1yc4u8oWCf9A2c4D3QjCrks3zmoVKVxpQRzmPNar1hUJcBG2RQHvEVGDN+Jm81ZheVLAQMK6+w==

graceful-fs@^4.2.4:
  version "4.2.11"
  resolved "https://registry.yarnpkg.com/graceful-fs/-/graceful-fs-4.2.11.tgz#4183e4e8bf08bb6e05bbb2f7d2e0c8f712ca40e3"
  integrity sha512-RbJ5/jmFcNNCcDV5o9eTnBLJ/HszWV0P73bc+Ff4nS/rJj+YaS6IGyiOL0VoBYX+l1Wrl3k63h/KrH+nhJ0XvQ==

is-reference@^3.0.3:
  version "3.0.3"
  resolved "https://registry.yarnpkg.com/is-reference/-/is-reference-3.0.3.tgz#9ef7bf9029c70a67b2152da4adf57c23d718910f"
  integrity sha512-ixkJoqQvAP88E6wLydLGGqCJsrFUnqoH6HnaczB8XmDH1oaWU+xxdptvikTgaEhtZ53Ky6YXiBuUI2WXLMCwjw==
  dependencies:
    "@types/estree" "^1.0.6"

jiti@^2.4.2:
  version "2.4.2"
  resolved "https://registry.yarnpkg.com/jiti/-/jiti-2.4.2.tgz#d19b7732ebb6116b06e2038da74a55366faef560"
  integrity sha512-rg9zJN+G4n2nfJl5MW3BMygZX56zKPNVEYYqq7adpmMh4Jn2QNEwhvQlFy6jPVdcod7txZtKHWnyZiA3a0zP7A==

json5@^2.1.2:
  version "2.2.3"
  resolved "https://registry.yarnpkg.com/json5/-/json5-2.2.3.tgz#78cd6f1a19bdc12b73db5ad0c61efd66c1e29283"
  integrity sha512-XmOWe7eyHYH14cLdVPoyg+GOH3rYX++KpzrylJwSW98t3Nk+U8XOl8FWKOgwtzdb8lXGf6zYwDUzeHMWfxasyg==

lightningcss-darwin-arm64@1.30.1:
  version "1.30.1"
  resolved "https://registry.yarnpkg.com/lightningcss-darwin-arm64/-/lightningcss-darwin-arm64-1.30.1.tgz#3d47ce5e221b9567c703950edf2529ca4a3700ae"
  integrity sha512-c8JK7hyE65X1MHMN+Viq9n11RRC7hgin3HhYKhrMyaXflk5GVplZ60IxyoVtzILeKr+xAJwg6zK6sjTBJ0FKYQ==

lightningcss-darwin-x64@1.30.1:
  version "1.30.1"
  resolved "https://registry.yarnpkg.com/lightningcss-darwin-x64/-/lightningcss-darwin-x64-1.30.1.tgz#e81105d3fd6330860c15fe860f64d39cff5fbd22"
  integrity sha512-k1EvjakfumAQoTfcXUcHQZhSpLlkAuEkdMBsI/ivWw9hL+7FtilQc0Cy3hrx0AAQrVtQAbMI7YjCgYgvn37PzA==

lightningcss-freebsd-x64@1.30.1:
  version "1.30.1"
  resolved "https://registry.yarnpkg.com/lightningcss-freebsd-x64/-/lightningcss-freebsd-x64-1.30.1.tgz#a0e732031083ff9d625c5db021d09eb085af8be4"
  integrity sha512-kmW6UGCGg2PcyUE59K5r0kWfKPAVy4SltVeut+umLCFoJ53RdCUWxcRDzO1eTaxf/7Q2H7LTquFHPL5R+Gjyig==

lightningcss-linux-arm-gnueabihf@1.30.1:
  version "1.30.1"
  resolved "https://registry.yarnpkg.com/lightningcss-linux-arm-gnueabihf/-/lightningcss-linux-arm-gnueabihf-1.30.1.tgz#1f5ecca6095528ddb649f9304ba2560c72474908"
  integrity sha512-MjxUShl1v8pit+6D/zSPq9S9dQ2NPFSQwGvxBCYaBYLPlCWuPh9/t1MRS8iUaR8i+a6w7aps+B4N0S1TYP/R+Q==

lightningcss-linux-arm64-gnu@1.30.1:
  version "1.30.1"
  resolved "https://registry.yarnpkg.com/lightningcss-linux-arm64-gnu/-/lightningcss-linux-arm64-gnu-1.30.1.tgz#eee7799726103bffff1e88993df726f6911ec009"
  integrity sha512-gB72maP8rmrKsnKYy8XUuXi/4OctJiuQjcuqWNlJQ6jZiWqtPvqFziskH3hnajfvKB27ynbVCucKSm2rkQp4Bw==

lightningcss-linux-arm64-musl@1.30.1:
  version "1.30.1"
  resolved "https://registry.yarnpkg.com/lightningcss-linux-arm64-musl/-/lightningcss-linux-arm64-musl-1.30.1.tgz#f2e4b53f42892feeef8f620cbb889f7c064a7dfe"
  integrity sha512-jmUQVx4331m6LIX+0wUhBbmMX7TCfjF5FoOH6SD1CttzuYlGNVpA7QnrmLxrsub43ClTINfGSYyHe2HWeLl5CQ==

lightningcss-linux-x64-gnu@1.30.1:
  version "1.30.1"
  resolved "https://registry.yarnpkg.com/lightningcss-linux-x64-gnu/-/lightningcss-linux-x64-gnu-1.30.1.tgz#2fc7096224bc000ebb97eea94aea248c5b0eb157"
  integrity sha512-piWx3z4wN8J8z3+O5kO74+yr6ze/dKmPnI7vLqfSqI8bccaTGY5xiSGVIJBDd5K5BHlvVLpUB3S2YCfelyJ1bw==

lightningcss-linux-x64-musl@1.30.1:
  version "1.30.1"
  resolved "https://registry.yarnpkg.com/lightningcss-linux-x64-musl/-/lightningcss-linux-x64-musl-1.30.1.tgz#66dca2b159fd819ea832c44895d07e5b31d75f26"
  integrity sha512-rRomAK7eIkL+tHY0YPxbc5Dra2gXlI63HL+v1Pdi1a3sC+tJTcFrHX+E86sulgAXeI7rSzDYhPSeHHjqFhqfeQ==

lightningcss-win32-arm64-msvc@1.30.1:
  version "1.30.1"
  resolved "https://registry.yarnpkg.com/lightningcss-win32-arm64-msvc/-/lightningcss-win32-arm64-msvc-1.30.1.tgz#7d8110a19d7c2d22bfdf2f2bb8be68e7d1b69039"
  integrity sha512-mSL4rqPi4iXq5YVqzSsJgMVFENoa4nGTT/GjO2c0Yl9OuQfPsIfncvLrEW6RbbB24WtZ3xP/2CCmI3tNkNV4oA==

lightningcss-win32-x64-msvc@1.30.1:
  version "1.30.1"
  resolved "https://registry.yarnpkg.com/lightningcss-win32-x64-msvc/-/lightningcss-win32-x64-msvc-1.30.1.tgz#fd7dd008ea98494b85d24b4bea016793f2e0e352"
  integrity sha512-PVqXh48wh4T53F/1CCu8PIPCxLzWyCnn/9T5W1Jpmdy5h9Cwd+0YQS6/LwhHXSafuc61/xg9Lv5OrCby6a++jg==

lightningcss@1.30.1:
  version "1.30.1"
  resolved "https://registry.yarnpkg.com/lightningcss/-/lightningcss-1.30.1.tgz#78e979c2d595bfcb90d2a8c0eb632fe6c5bfed5d"
  integrity sha512-xi6IyHML+c9+Q3W0S4fCQJOym42pyurFiJUHEcEyHS0CeKzia4yZDEsLlqOFykxOdHpNy0NmvVO31vcSqAxJCg==
  dependencies:
    detect-libc "^2.0.3"
  optionalDependencies:
    lightningcss-darwin-arm64 "1.30.1"
    lightningcss-darwin-x64 "1.30.1"
    lightningcss-freebsd-x64 "1.30.1"
    lightningcss-linux-arm-gnueabihf "1.30.1"
    lightningcss-linux-arm64-gnu "1.30.1"
    lightningcss-linux-arm64-musl "1.30.1"
    lightningcss-linux-x64-gnu "1.30.1"
    lightningcss-linux-x64-musl "1.30.1"
    lightningcss-win32-arm64-msvc "1.30.1"
    lightningcss-win32-x64-msvc "1.30.1"

loader-utils@^2.0.4:
  version "2.0.4"
  resolved "https://registry.yarnpkg.com/loader-utils/-/loader-utils-2.0.4.tgz#8b5cb38b5c34a9a018ee1fc0e6a066d1dfcc528c"
  integrity sha512-xXqpXoINfFhgua9xiqD8fPFHgkoq1mmmpE92WlDbm9rNRd/EbRb+Gqf908T2DMfuHjjJlksiK2RbHVOdD/MqSw==
  dependencies:
    big.js "^5.2.2"
    emojis-list "^3.0.0"
    json5 "^2.1.2"

locate-character@^3.0.0:
  version "3.0.0"
  resolved "https://registry.yarnpkg.com/locate-character/-/locate-character-3.0.0.tgz#0305c5b8744f61028ef5d01f444009e00779f974"
  integrity sha512-SW13ws7BjaeJ6p7Q6CO2nchbYEc3X3J6WrmTTDto7yMPqVSZTUyY5Tjbid+Ab8gLnATtygYtiDIJGQRRn2ZOiA==

lower-case@^2.0.2:
  version "2.0.2"
  resolved "https://registry.yarnpkg.com/lower-case/-/lower-case-2.0.2.tgz#6fa237c63dbdc4a82ca0fd882e4722dc5e634e28"
  integrity sha512-7fm3l3NAF9WfN6W3JOmf5drwpVqX78JtoGJ3A6W0a6ZnldM41w2fV5D490psKFTpMds8TJse/eHLFFsNHHjHgg==
  dependencies:
    tslib "^2.0.3"

magic-string@^0.30.11, magic-string@^0.30.17:
  version "0.30.17"
  resolved "https://registry.yarnpkg.com/magic-string/-/magic-string-0.30.17.tgz#450a449673d2460e5bbcfba9a61916a1714c7453"
  integrity sha512-sNPKHvyjVf7gyjwS4xGTaW/mCnF8wnjtifKBEhxfZ7E/S8tQ0rssrwGNn6q8JH/ohItJfSQp9mBtQYuTlH5QnA==
  dependencies:
    "@jridgewell/sourcemap-codec" "^1.5.0"

minipass@^7.0.4, minipass@^7.1.2:
  version "7.1.2"
  resolved "https://registry.yarnpkg.com/minipass/-/minipass-7.1.2.tgz#93a9626ce5e5e66bd4db86849e7515e92340a707"
  integrity sha512-qOOzS1cBTWYF4BH8fVePDBOO9iptMnGUEZwNc/cMWnTV2nVLZ7VoNWEPHkYczZA0pdoA7dl6e7FL659nX9S2aw==

minizlib@^3.0.1:
  version "3.0.2"
  resolved "https://registry.yarnpkg.com/minizlib/-/minizlib-3.0.2.tgz#f33d638eb279f664439aa38dc5f91607468cb574"
  integrity sha512-oG62iEk+CYt5Xj2YqI5Xi9xWUeZhDI8jjQmC5oThVH5JGCTgIjr7ciJDzC7MBzYd//WvR1OTmP5Q38Q8ShQtVA==
  dependencies:
    minipass "^7.1.2"

mkdirp@^3.0.1:
  version "3.0.1"
  resolved "https://registry.yarnpkg.com/mkdirp/-/mkdirp-3.0.1.tgz#e44e4c5607fb279c168241713cc6e0fea9adcb50"
  integrity sha512-+NsyUUAZDmo6YVHzL/stxSu3t9YS1iljliy3BSDrXJ/dkn1KYdmtZODGGjLcc9XLgVVpH4KshHB8XmZgMhaBXg==

mri@^1.1.0:
  version "1.2.0"
  resolved "https://registry.yarnpkg.com/mri/-/mri-1.2.0.tgz#6721480fec2a11a4889861115a48b6cbe7cc8f0b"
  integrity sha512-tzzskb3bG8LvYGFF/mDTpq3jpI6Q9wc3LEmBaghu+DdCssd1FakN7Bc0hVNmEyGq1bq3RgfkCb3cmQLpNPOroA==

nanoid@^3.3.11:
  version "3.3.11"
  resolved "https://registry.yarnpkg.com/nanoid/-/nanoid-3.3.11.tgz#4f4f112cefbe303202f2199838128936266d185b"
  integrity sha512-N8SpfPUnUp1bK+PMYW8qSWdl9U+wwNWI4QKxOYDy9JAro3WMX7p2OeVRF9v+347pnakNevPmiHhNmZ2HbFA76w==

no-case@^3.0.4:
  version "3.0.4"
  resolved "https://registry.yarnpkg.com/no-case/-/no-case-3.0.4.tgz#d361fd5c9800f558551a8369fc0dcd4662b6124d"
  integrity sha512-fgAN3jGAh+RoxUGZHTSOLJIqUc2wmoBwGR4tbpNAKmmovFoWq0OdRkb0VkldReO2a2iBT/OEulG9XSUc10r3zg==
  dependencies:
    lower-case "^2.0.2"
    tslib "^2.0.3"

pascal-case@^3.1.1:
  version "3.1.2"
  resolved "https://registry.yarnpkg.com/pascal-case/-/pascal-case-3.1.2.tgz#b48e0ef2b98e205e7c1dae747d0b1508237660eb"
  integrity sha512-uWlGT3YSnK9x3BQJaOdcZwrnV6hPpd8jFH1/ucpiLRPh/2zCVJKS19E4GvYHvaCcACn3foXZ0cLB9Wrx1KGe5g==
  dependencies:
    no-case "^3.0.4"
    tslib "^2.0.3"

picocolors@^1.0.0, picocolors@^1.1.1:
  version "1.1.1"
  resolved "https://registry.yarnpkg.com/picocolors/-/picocolors-1.1.1.tgz#3d321af3eab939b083c8f929a1d12cda81c26b6b"
  integrity sha512-xceH2snhtb5M9liqDsmEw56le376mTZkEX/jEb/RxNFyegNul7eNslCXP9FDj/Lcu0X8KEyMceP2ntpaHrDEVA==

postcss@^8.4.41, postcss@^8.5.6:
  version "8.5.6"
  resolved "https://registry.yarnpkg.com/postcss/-/postcss-8.5.6.tgz#2825006615a619b4f62a9e7426cc120b349a8f3c"
  integrity sha512-3Ybi1tAuwAP9s0r1UQ2J4n5Y0G05bJkpUIO0/bI9MhwmD70S5aTWbXGBwxHrelT+XM1k6dM0pk+SwNkpTRN7Pg==
  dependencies:
    nanoid "^3.3.11"
    picocolors "^1.1.1"
    source-map-js "^1.2.1"

readdirp@^4.0.1:
  version "4.1.2"
  resolved "https://registry.yarnpkg.com/readdirp/-/readdirp-4.1.2.tgz#eb85801435fbf2a7ee58f19e0921b068fc69948d"
  integrity sha512-GDhwkLfywWL2s6vEjyhri+eXmfH6j1L7JE27WhqLeYzoh/A3DBaYGEj2H/HFZCn/kMfim73FXxEJTw06WtxQwg==

sade@^1.7.4:
  version "1.8.1"
  resolved "https://registry.yarnpkg.com/sade/-/sade-1.8.1.tgz#0a78e81d658d394887be57d2a409bf703a3b2701"
  integrity sha512-xal3CZX1Xlo/k4ApwCFrHVACi9fBqJ7V+mwhBsuf/1IOKbBy098Fex+Wa/5QMubw09pSZ/u8EY8PWgevJsXp1A==
  dependencies:
    mri "^1.1.0"

source-map-js@^1.2.1:
  version "1.2.1"
  resolved "https://registry.yarnpkg.com/source-map-js/-/source-map-js-1.2.1.tgz#1ce5650fddd87abc099eda37dcff024c2667ae46"
  integrity sha512-UXWMKhLOwVKb728IUtQPXxfYU+usdybtUrK/8uGE8CQMvrhOpwvzDBwj0QhSL7MQc7vIsISBG8VQ8+IDQxpfQA==

svelte-check@^4.2.2:
  version "4.3.0"
  resolved "https://registry.yarnpkg.com/svelte-check/-/svelte-check-4.3.0.tgz#c8d5aeb466f6cb391d04c83ee30df38e9a02c74d"
  integrity sha512-Iz8dFXzBNAM7XlEIsUjUGQhbEE+Pvv9odb9+0+ITTgFWZBGeJRRYqHUUglwe2EkLD5LIsQaAc4IUJyvtKuOO5w==
  dependencies:
    "@jridgewell/trace-mapping" "^0.3.25"
    chokidar "^4.0.1"
    fdir "^6.2.0"
    picocolors "^1.0.0"
    sade "^1.7.4"

svelte-dev-helper@^1.1.9:
  version "1.1.9"
  resolved "https://registry.yarnpkg.com/svelte-dev-helper/-/svelte-dev-helper-1.1.9.tgz#7d187db5c6cdbbd64d75a32f91b8998bde3273c3"
  integrity sha512-oU+Xv7Dl4kRU2kdFjsoPLfJfnt5hUhsFUZtuzI3Ku/f2iAFZqBoEuXOqK3N9ngD4dxQOmN4OKWPHVi3NeAeAfQ==

svelte-hero-icons@^5.2.0:
  version "5.2.0"
  resolved "https://registry.yarnpkg.com/svelte-hero-icons/-/svelte-hero-icons-5.2.0.tgz#a721f5d1db40380bde3e3e5484490833f3e45844"
  integrity sha512-KpdMTL0bOnkxciEmDXvyVF/R5nrZ1x1uHCSt9gMrrbEd3g5HSIaaDChOutTOfeI+cZ3EJbb+OcBH/lBzJr1aEw==
  dependencies:
    "@steeze-ui/heroicons" "^2.4.0"

svelte-hmr@^0.14.2:
  version "0.14.12"
  resolved "https://registry.yarnpkg.com/svelte-hmr/-/svelte-hmr-0.14.12.tgz#a127aec02f1896500b10148b2d4d21ddde39973f"
  integrity sha512-4QSW/VvXuqVcFZ+RhxiR8/newmwOCTlbYIezvkeN6302YFRE8cXy0naamHcjz8Y9Ce3ITTZtrHrIL0AGfyo61w==

svelte-loader@3.2.4:
  version "3.2.4"
  resolved "https://registry.yarnpkg.com/svelte-loader/-/svelte-loader-3.2.4.tgz#0d05ae1f95aec6d480ee86e80e9f756ac419e694"
  integrity sha512-e0HdDnkYH/MDx4/IfTSka5AOFg9yYJcPuoZJB5x0l60fkHjVjNvrrxr+rJegDG9J7ZymmdHt00/hdLw+QF299w==
  dependencies:
    loader-utils "^2.0.4"
    svelte-dev-helper "^1.1.9"
    svelte-hmr "^0.14.2"

svelte-navigator@^3.2.2:
  version "3.2.2"
  resolved "https://registry.yarnpkg.com/svelte-navigator/-/svelte-navigator-3.2.2.tgz#4156c2388226e7c42b766ca4def63444ec58a8d2"
  integrity sha512-Xio4ohLUG1nQJ+ENNbLphXXu9L189fnI1WGg+2Q3CIMPe8Jm2ipytKQthdBs8t0mN7p3Eb03SE9hq0xZAqwQNQ==
  dependencies:
    svelte2tsx "^0.1.151"

svelte-preprocess@^6.0.3:
  version "6.0.3"
  resolved "https://registry.yarnpkg.com/svelte-preprocess/-/svelte-preprocess-6.0.3.tgz#fdc1f9dc41b6f22bf8b1f059e9f21eaaae181eeb"
  integrity sha512-PLG2k05qHdhmRG7zR/dyo5qKvakhm8IJ+hD2eFRQmMLHp7X3eJnjeupUtvuRpbNiF31RjVw45W+abDwHEmP5OA==

svelte2tsx@^0.1.151:
  version "0.1.193"
  resolved "https://registry.yarnpkg.com/svelte2tsx/-/svelte2tsx-0.1.193.tgz#16fe594898ef455e4f715ac317d219c9c757656b"
  integrity sha512-vzy4YQNYDnoqp2iZPnJy7kpPAY6y121L0HKrSBjU/IWW7DQ6T7RMJed2VVHFmVYm0zAGYMDl9urPc6R4DDUyhg==
  dependencies:
    dedent-js "^1.0.1"
    pascal-case "^3.1.1"

svelte@^5.35.2:
  version "5.36.8"
  resolved "https://registry.yarnpkg.com/svelte/-/svelte-5.36.8.tgz#620f337e53bab4954945ab30e9bfe8cf7620033b"
  integrity sha512-8JbZWQu96hMjH/oYQPxXW6taeC6Awl6muGHeZzJTxQx7NGRQ/J9wN1hkzRKLOlSDlbS2igiFg7p5xyTp5uXG3A==
  dependencies:
    "@ampproject/remapping" "^2.3.0"
    "@jridgewell/sourcemap-codec" "^1.5.0"
    "@sveltejs/acorn-typescript" "^1.0.5"
    "@types/estree" "^1.0.5"
    acorn "^8.12.1"
    aria-query "^5.3.1"
    axobject-query "^4.1.0"
    clsx "^2.1.1"
    esm-env "^1.2.1"
    esrap "^2.1.0"
    is-reference "^3.0.3"
    locate-character "^3.0.0"
    magic-string "^0.30.11"
    zimmerframe "^1.1.2"

tailwindcss@4.1.11, tailwindcss@^4.1.11:
  version "4.1.11"
  resolved "https://registry.yarnpkg.com/tailwindcss/-/tailwindcss-4.1.11.tgz#799af3e98c19c5baaefafc6e0c16304a0e684854"
  integrity sha512-2E9TBm6MDD/xKYe+dvJZAmg3yxIEDNRc0jwlNyDg/4Fil2QcSLjFKGVff0lAf1jjeaArlG/M75Ey/EYr/OJtBA==

tapable@^2.2.0:
  version "2.2.2"
  resolved "https://registry.yarnpkg.com/tapable/-/tapable-2.2.2.tgz#ab4984340d30cb9989a490032f086dbb8b56d872"
  integrity sha512-Re10+NauLTMCudc7T5WLFLAwDhQ0JWdrMK+9B2M8zR5hRExKmsRDCBA7/aV/pNJFltmBFO5BAMlQFi/vq3nKOg==

tar@^7.4.3:
  version "7.4.3"
  resolved "https://registry.yarnpkg.com/tar/-/tar-7.4.3.tgz#88bbe9286a3fcd900e94592cda7a22b192e80571"
  integrity sha512-5S7Va8hKfV7W5U6g3aYxXmlPoZVAwUMy9AOKyF2fVuZa2UD3qZjg578OrLRt8PcNN1PleVaL/5/yYATNL0ICUw==
  dependencies:
    "@isaacs/fs-minipass" "^4.0.0"
    chownr "^3.0.0"
    minipass "^7.1.2"
    minizlib "^3.0.1"
    mkdirp "^3.0.1"
    yallist "^5.0.0"

temporal-polyfill@^0.3.0:
  version "0.3.0"
  resolved "https://registry.yarnpkg.com/temporal-polyfill/-/temporal-polyfill-0.3.0.tgz#7fe90e913ac5ec8e0d508fb50d04dd7a74cec23e"
  integrity sha512-qNsTkX9K8hi+FHDfHmf22e/OGuXmfBm9RqNismxBrnSmZVJKegQ+HYYXT+R7Ha8F/YSm2Y34vmzD4cxMu2u95g==
  dependencies:
    temporal-spec "0.3.0"

temporal-spec@0.3.0:
  version "0.3.0"
  resolved "https://registry.yarnpkg.com/temporal-spec/-/temporal-spec-0.3.0.tgz#8c4210c575fb28ba0a1c2e02ad68d1be5956a11f"
  integrity sha512-n+noVpIqz4hYgFSMOSiINNOUOMFtV5cZQNCmmszA6GiVFVRt3G7AqVyhXjhCSmowvQn+NsGn+jMDMKJYHd3bSQ==

tslib@^2.0.3, tslib@^2.4.0, tslib@^2.8.0:
  version "2.8.1"
  resolved "https://registry.yarnpkg.com/tslib/-/tslib-2.8.1.tgz#612efe4ed235d567e8aba5f2a5fab70280ade83f"
  integrity sha512-oJFu94HQb+KVduSUQL7wnpmqnfmLsOA/nAh6b6EH0wCEoK0/mPeXU6c3wKDV83MkOuHPRHtSXKKU99IBazS/2w==

typescript@^5.8.3:
  version "5.8.3"
  resolved "https://registry.yarnpkg.com/typescript/-/typescript-5.8.3.tgz#92f8a3e5e3cf497356f4178c34cd65a7f5e8440e"
  integrity sha512-p1diW6TqL9L07nNxvRMM7hMMw4c5XOo/1ibL4aAIGmSAt9slTE1Xgw5KWuof2uTOvCg9BY7ZRi+GaF+7sfgPeQ==

yallist@^5.0.0:
  version "5.0.0"
  resolved "https://registry.yarnpkg.com/yallist/-/yallist-5.0.0.tgz#00e2de443639ed0d78fd87de0d27469fbcffb533"
  integrity sha512-YgvUTfwqyc7UXVMrB+SImsVYSmTS8X/tSrtdNZMImM+n7+QTriRXyXim0mBrTXNeqzVF0KWGgHPeiyViFFrNDw==

zimmerframe@^1.1.2:
  version "1.1.2"
  resolved "https://registry.yarnpkg.com/zimmerframe/-/zimmerframe-1.1.2.tgz#5b75f1fa83b07ae2a428d51e50f58e2ae6855e5e"
  integrity sha512-rAbqEGa8ovJy4pyBxZM70hg4pE6gDgaQ0Sl9M3enG3I0d6H4XSAM3GeNGLKnsBpuijUow064sf7ww1nutC5/3w==
